{
  "name": "noddity-search",
  "version": "1.0.1",
  "lockfileVersion": 1,
  "requires": true,
  "dependencies": {
    "argparse": {
      "version": "1.0.10",
      "resolved": "https://registry.npmjs.org/argparse/-/argparse-1.0.10.tgz",
      "integrity": "sha512-o5Roy6tNG4SL/FOkCAN6RzjiakZS25RLYFrcMttJqbdd8BWrnA+fGz57iN5Pb06pvBGvl5gQ0B48dJlslXvoTg==",
      "dev": true,
      "requires": {
        "sprintf-js": "~1.0.2"
      }
    },
    "esprima": {
      "version": "4.0.1",
      "resolved": "https://registry.npmjs.org/esprima/-/esprima-4.0.1.tgz",
      "integrity": "sha512-eGuFFw7Upda+g4p+QHvnW0RyTX/SVeJBDM/gCtMARO0cLuT2HcEKnTPvhjV6aGeqrCB/sbNop0Kszm0jsaWU4A==",
      "dev": true
    },
    "js-yaml": {
      "version": "3.12.1",
      "resolved": "https://registry.npmjs.org/js-yaml/-/js-yaml-3.12.1.tgz",
      "integrity": "sha512-um46hB9wNOKlwkHgiuyEVAybXBjwFUV0Z/RaHJblRd9DXltue9FTYvzCr9ErQrK9Adz5MU4gHWVaNUfdmrC8qA==",
      "dev": true,
      "requires": {
        "argparse": "^1.0.7",
        "esprima": "^4.0.0"
      }
    },
    "level-mem": {
      "version": "0.18.0",
      "resolved": "http://registry.npmjs.org/level-mem/-/level-mem-0.18.0.tgz",
      "integrity": "sha1-vNPgMe7Up4205e731vQSbmQQoN4=",
      "dev": true,
      "requires": {
        "level-packager": "~0.18.0",
        "memdown": "~0.6.0"
      },
      "dependencies": {
        "level-packager": {
          "version": "0.18.0",
          "resolved": "http://registry.npmjs.org/level-packager/-/level-packager-0.18.0.tgz",
          "integrity": "sha1-wHawh2RvHX3tzDRC9YgA3QoLRfU=",
          "dev": true,
          "requires": {
            "levelup": "~0.18.0"
          },
          "dependencies": {
            "levelup": {
              "version": "0.18.6",
              "resolved": "http://registry.npmjs.org/levelup/-/levelup-0.18.6.tgz",
              "integrity": "sha1-5qAcsIlhbI7MApHCqb0/DETj5es=",
              "dev": true,
              "requires": {
                "bl": "~0.8.1",
                "deferred-leveldown": "~0.2.0",
                "errno": "~0.1.1",
                "prr": "~0.0.0",
                "readable-stream": "~1.0.26",
                "semver": "~2.3.1",
                "xtend": "~3.0.0"
              },
              "dependencies": {
                "bl": {
                  "version": "0.8.2",
                  "resolved": "http://registry.npmjs.org/bl/-/bl-0.8.2.tgz",
                  "integrity": "sha1-yba8oI0bwuoA/Ir7Txpf0eHGbk4=",
                  "dev": true,
                  "requires": {
                    "readable-stream": "~1.0.26"
                  }
                },
                "deferred-leveldown": {
                  "version": "0.2.0",
                  "resolved": "http://registry.npmjs.org/deferred-leveldown/-/deferred-leveldown-0.2.0.tgz",
                  "integrity": "sha1-LO8fER4cV4cNi7uK8mUOWHzS9bQ=",
                  "dev": true,
                  "requires": {
                    "abstract-leveldown": "~0.12.1"
                  },
                  "dependencies": {
                    "abstract-leveldown": {
                      "version": "0.12.4",
                      "resolved": "http://registry.npmjs.org/abstract-leveldown/-/abstract-leveldown-0.12.4.tgz",
                      "integrity": "sha1-KeGOYy5g5OIh1YECR4UqY9ey5BA=",
                      "dev": true,
                      "requires": {
                        "xtend": "~3.0.0"
                      }
                    }
                  }
                },
                "errno": {
                  "version": "0.1.2",
                  "resolved": "http://registry.npmjs.org/errno/-/errno-0.1.2.tgz",
                  "integrity": "sha1-7JTaw3lKks7J4fCFArFlkzqAWAg=",
                  "dev": true,
                  "requires": {
                    "prr": "~0.0.0"
                  }
                },
                "prr": {
                  "version": "0.0.0",
                  "resolved": "http://registry.npmjs.org/prr/-/prr-0.0.0.tgz",
                  "integrity": "sha1-GoS4WQgyVQFBGFPQCB7j+obikmo=",
                  "dev": true
                },
                "readable-stream": {
                  "version": "1.0.33",
                  "resolved": "http://registry.npmjs.org/readable-stream/-/readable-stream-1.0.33.tgz",
                  "integrity": "sha1-OjYN1mwbHX/UcFOJhg7aHQ9hEmw=",
                  "dev": true,
                  "requires": {
                    "core-util-is": "~1.0.0",
                    "inherits": "~2.0.1",
                    "isarray": "0.0.1",
                    "string_decoder": "~0.10.x"
                  },
                  "dependencies": {
                    "core-util-is": {
                      "version": "1.0.1",
                      "resolved": "http://registry.npmjs.org/core-util-is/-/core-util-is-1.0.1.tgz",
                      "integrity": "sha1-awcIWu+aPMrG7lO/nT3wwVIaVTg=",
                      "dev": true
                    },
                    "inherits": {
                      "version": "2.0.1",
                      "resolved": "http://registry.npmjs.org/inherits/-/inherits-2.0.1.tgz",
                      "integrity": "sha1-sX0I0ya0Qj5Wjv9xn5GwscvfafE=",
                      "dev": true
                    },
                    "isarray": {
                      "version": "0.0.1",
                      "resolved": "http://registry.npmjs.org/isarray/-/isarray-0.0.1.tgz",
                      "integrity": "sha1-ihis/Kmo9Bd+Cav8YDiTmwXR7t8=",
                      "dev": true
                    },
                    "string_decoder": {
                      "version": "0.10.31",
                      "resolved": "http://registry.npmjs.org/string_decoder/-/string_decoder-0.10.31.tgz",
                      "integrity": "sha1-YuIDvEF2bGwoyfyEMB2rHFMQ+pQ=",
                      "dev": true
                    }
                  }
                },
                "semver": {
                  "version": "2.3.2",
                  "resolved": "http://registry.npmjs.org/semver/-/semver-2.3.2.tgz",
                  "integrity": "sha1-uYSPJdbPNjMwc+ye+IVtQvEjPlI=",
                  "dev": true
                },
                "xtend": {
                  "version": "3.0.0",
                  "resolved": "http://registry.npmjs.org/xtend/-/xtend-3.0.0.tgz",
                  "integrity": "sha1-XM50B7r2Qsunvs2laBEcST9ZZlo=",
                  "dev": true
                }
              }
            }
          }
        },
        "memdown": {
          "version": "0.6.0",
          "resolved": "http://registry.npmjs.org/memdown/-/memdown-0.6.0.tgz",
          "integrity": "sha1-0jpWGluBkz6XEfwvolID4mvO5NI=",
          "dev": true,
          "requires": {
            "abstract-leveldown": "~0.11.2",
            "bops": "~0.1.1"
          },
          "dependencies": {
            "abstract-leveldown": {
              "version": "0.11.4",
              "resolved": "http://registry.npmjs.org/abstract-leveldown/-/abstract-leveldown-0.11.4.tgz",
              "integrity": "sha1-EWT1BulYqnoTVvnwWQwjT0GrFk8=",
              "dev": true,
              "requires": {
                "xtend": "~2.1.1"
              },
              "dependencies": {
                "xtend": {
                  "version": "2.1.2",
                  "resolved": "http://registry.npmjs.org/xtend/-/xtend-2.1.2.tgz",
                  "integrity": "sha1-bv7MKk2tjmlixJAbM3znuoe10os=",
                  "dev": true,
                  "requires": {
                    "object-keys": "~0.4.0"
                  },
                  "dependencies": {
                    "object-keys": {
                      "version": "0.4.0",
                      "resolved": "http://registry.npmjs.org/object-keys/-/object-keys-0.4.0.tgz",
                      "integrity": "sha1-KKaq50KN0sOpLz2V8hM13SBOAzY=",
                      "dev": true
                    }
                  }
                }
              }
            },
            "bops": {
              "version": "0.1.1",
              "resolved": "http://registry.npmjs.org/bops/-/bops-0.1.1.tgz",
              "integrity": "sha1-Bi4CqNqoAfoQ8uXb5nQM/4Af4X4=",
              "dev": true,
              "requires": {
                "base64-js": "0.0.2",
                "to-utf8": "0.0.1"
              },
              "dependencies": {
                "base64-js": {
                  "version": "0.0.2",
                  "resolved": "http://registry.npmjs.org/base64-js/-/base64-js-0.0.2.tgz",
                  "integrity": "sha1-Ak8Pcq+iW3X5wO5zzU9V7Bvtl4Q=",
                  "dev": true
                },
                "to-utf8": {
                  "version": "0.0.1",
                  "resolved": "http://registry.npmjs.org/to-utf8/-/to-utf8-0.0.1.tgz",
                  "integrity": "sha1-0Xrqcv8vujm55DYBvns/9y4ImFI=",
                  "dev": true
                }
              }
            }
          }
        }
      }
    },
    "lunr": {
      "version": "2.3.5",
      "resolved": "https://registry.npmjs.org/lunr/-/lunr-2.3.5.tgz",
      "integrity": "sha512-EtnfmHsHJTr3u24sito9JctSxej5Ds0SgUD2Lm+qRHyLgM7BGesFlW14eNh1mil0fV5Muh8gf3dBBXzADlUlzQ=="
    },
    "noddity-butler": {
      "version": "1.3.1",
      "integrity": "sha1-12epdDEwy5Zkm2Eg0vJohEzF/Vk=",
      "dev": true,
      "requires": {
        "asynquence": "~0.1.1-a",
        "extend": "~1.2.1",
        "level-sublevel": "~5.2.0",
        "levelup-cache": "~1.1.2",
        "noddity-retrieval": "^1.1.0",
        "weak-type-wizard": "~1.1.0"
      },
      "dependencies": {
        "asynquence": {
          "version": "0.1.1-a",
          "resolved": "http://registry.npmjs.org/asynquence/-/asynquence-0.1.1-a.tgz",
          "integrity": "sha1-zb7Wyr4lLf/CofcgYAaK2izpg54=",
          "dev": true
        },
        "extend": {
          "version": "1.2.1",
          "resolved": "http://registry.npmjs.org/extend/-/extend-1.2.1.tgz",
          "integrity": "sha1-oPX9bPyDpf5J72mNYOyKYk3UV2w=",
          "dev": true
        },
        "level-sublevel": {
          "version": "5.2.3",
          "resolved": "http://registry.npmjs.org/level-sublevel/-/level-sublevel-5.2.3.tgz",
          "integrity": "sha1-dEwSxy0ucr543eO5tc2E1iGRQTo=",
          "dev": true,
          "requires": {
            "level-fix-range": "2.0",
            "level-hooks": ">=4.4.0 <5",
            "string-range": "~1.2.1",
            "xtend": "~2.0.4"
          },
          "dependencies": {
            "level-fix-range": {
              "version": "2.0.0",
              "resolved": "http://registry.npmjs.org/level-fix-range/-/level-fix-range-2.0.0.tgz",
              "integrity": "sha1-xBfWIVlEIVGhnZojZ4aPFyTC1Ug=",
              "dev": true,
              "requires": {
                "clone": "~0.1.9"
              },
              "dependencies": {
                "clone": {
                  "version": "0.1.19",
                  "resolved": "http://registry.npmjs.org/clone/-/clone-0.1.19.tgz",
                  "integrity": "sha1-YT+2hjmyaklKxTJT4Vsaa9iK2oU=",
                  "dev": true
                }
              }
            },
            "level-hooks": {
              "version": "4.5.0",
              "resolved": "http://registry.npmjs.org/level-hooks/-/level-hooks-4.5.0.tgz",
              "integrity": "sha1-G5rmGSKTDzMF0aYfxNg8gQLA3ZM=",
              "dev": true,
              "requires": {
                "string-range": "~1.2"
              }
            },
            "string-range": {
              "version": "1.2.2",
              "resolved": "http://registry.npmjs.org/string-range/-/string-range-1.2.2.tgz",
              "integrity": "sha1-qJPtNH5yKZvIO++78qaSqNI51d0=",
              "dev": true
            },
            "xtend": {
              "version": "2.0.6",
              "resolved": "http://registry.npmjs.org/xtend/-/xtend-2.0.6.tgz",
              "integrity": "sha1-XqZXptukRwacLlnFihE4ywxebO4=",
              "dev": true,
              "requires": {
                "is-object": "~0.1.2",
                "object-keys": "~0.2.0"
              },
              "dependencies": {
                "is-object": {
                  "version": "0.1.2",
                  "resolved": "http://registry.npmjs.org/is-object/-/is-object-0.1.2.tgz",
                  "integrity": "sha1-AO+8CIFsM8/ErIJR0TLhDcZQmNc=",
                  "dev": true
                },
                "object-keys": {
                  "version": "0.2.0",
                  "resolved": "http://registry.npmjs.org/object-keys/-/object-keys-0.2.0.tgz",
                  "integrity": "sha1-zd7AKZiwkb5CvxA1rjLknxy26mc=",
                  "dev": true,
                  "requires": {
                    "foreach": "~2.0.1",
                    "indexof": "~0.0.1",
                    "is": "~0.2.6"
                  },
                  "dependencies": {
                    "foreach": {
                      "version": "2.0.5",
                      "resolved": "http://registry.npmjs.org/foreach/-/foreach-2.0.5.tgz",
                      "integrity": "sha1-C+4AUBiusmDQo6865ljdATbsG5k=",
                      "dev": true
                    },
                    "indexof": {
                      "version": "0.0.1",
                      "resolved": "http://registry.npmjs.org/indexof/-/indexof-0.0.1.tgz",
                      "integrity": "sha1-gtwzbSMrkGIXnQWrMpOmYFn9Q10=",
                      "dev": true
                    },
                    "is": {
                      "version": "0.2.7",
                      "resolved": "http://registry.npmjs.org/is/-/is-0.2.7.tgz",
                      "integrity": "sha1-OzSixI81mXLzUEKEkZOucmS2NWI=",
                      "dev": true
                    }
                  }
                }
              }
            }
          }
        },
        "levelup-cache": {
          "version": "1.1.8",
          "resolved": "http://registry.npmjs.org/levelup-cache/-/levelup-cache-1.1.8.tgz",
          "integrity": "sha1-DuvK1ELNzRRjCL1qEslr9g2zONw=",
          "dev": true,
          "requires": {
            "asynquence": "~0.1.1-a",
            "expire-unused-keys": "^1.0.0",
            "extend": "~1.2.1",
            "level-sublevel": "~5.2.0",
            "stringmap": "~0.2.2"
          },
          "dependencies": {
            "expire-unused-keys": {
              "version": "1.0.4",
              "resolved": "http://registry.npmjs.org/expire-unused-keys/-/expire-unused-keys-1.0.4.tgz",
              "integrity": "sha1-SxTOv1CO3oXNcl/+3Fzz+IzilZQ=",
              "dev": true
            },
            "stringmap": {
              "version": "0.2.2",
              "resolved": "http://registry.npmjs.org/stringmap/-/stringmap-0.2.2.tgz",
              "integrity": "sha1-VWwTeyWPlCuHdvWy71gqoGnX0bE=",
              "dev": true
            }
          }
        },
        "noddity-retrieval": {
          "version": "1.3.1",
          "integrity": "sha1-WXW0LSfcXEh5i6QUrE/mZgKoPMU=",
          "dev": true,
          "requires": {
            "browser-request": "^0.3.3",
            "request": "^2.55.0",
            "text-metadata-parser": "^3.0.0"
          },
          "dependencies": {
            "browser-request": {
              "version": "0.3.3",
              "resolved": "http://registry.npmjs.org/browser-request/-/browser-request-0.3.3.tgz",
              "integrity": "sha1-ns5bWsqJopkyJC4Yv5M975h2zBc=",
              "dev": true
            },
            "request": {
              "version": "2.55.0",
              "resolved": "http://registry.npmjs.org/request/-/request-2.55.0.tgz",
              "integrity": "sha1-11wc32eddrsQD5v/4f5VG1wk6T0=",
              "dev": true,
              "requires": {
                "aws-sign2": "~0.5.0",
                "bl": "~0.9.0",
                "caseless": "~0.9.0",
                "combined-stream": "~0.0.5",
                "forever-agent": "~0.6.0",
                "form-data": "~0.2.0",
                "har-validator": "^1.4.0",
                "hawk": "~2.3.0",
                "http-signature": "~0.10.0",
                "isstream": "~0.1.1",
                "json-stringify-safe": "~5.0.0",
                "mime-types": "~2.0.1",
                "node-uuid": "~1.4.0",
                "oauth-sign": "~0.6.0",
                "qs": "~2.4.0",
                "stringstream": "~0.0.4",
                "tough-cookie": ">=0.12.0",
                "tunnel-agent": "~0.4.0"
              },
              "dependencies": {
                "aws-sign2": {
                  "version": "0.5.0",
                  "resolved": "http://registry.npmjs.org/aws-sign2/-/aws-sign2-0.5.0.tgz",
                  "integrity": "sha1-xXED96F/wDfwLXwuZLYC6iI/fWM=",
                  "dev": true
                },
                "bl": {
                  "version": "0.9.4",
                  "resolved": "http://registry.npmjs.org/bl/-/bl-0.9.4.tgz",
                  "integrity": "sha1-RwLd9y++Ds2CeHwAwROuoZNa0Oc=",
                  "dev": true,
                  "requires": {
                    "readable-stream": "~1.0.26"
                  },
                  "dependencies": {
                    "readable-stream": {
                      "version": "1.0.33",
                      "resolved": "http://registry.npmjs.org/readable-stream/-/readable-stream-1.0.33.tgz",
                      "integrity": "sha1-OjYN1mwbHX/UcFOJhg7aHQ9hEmw=",
                      "dev": true,
                      "requires": {
                        "core-util-is": "~1.0.0",
                        "inherits": "~2.0.1",
                        "isarray": "0.0.1",
                        "string_decoder": "~0.10.x"
                      },
                      "dependencies": {
                        "core-util-is": {
                          "version": "1.0.1",
                          "resolved": "http://registry.npmjs.org/core-util-is/-/core-util-is-1.0.1.tgz",
                          "integrity": "sha1-awcIWu+aPMrG7lO/nT3wwVIaVTg=",
                          "dev": true
                        },
                        "inherits": {
                          "version": "2.0.1",
                          "resolved": "http://registry.npmjs.org/inherits/-/inherits-2.0.1.tgz",
                          "integrity": "sha1-sX0I0ya0Qj5Wjv9xn5GwscvfafE=",
                          "dev": true
                        },
                        "isarray": {
                          "version": "0.0.1",
                          "resolved": "http://registry.npmjs.org/isarray/-/isarray-0.0.1.tgz",
                          "integrity": "sha1-ihis/Kmo9Bd+Cav8YDiTmwXR7t8=",
                          "dev": true
                        },
                        "string_decoder": {
                          "version": "0.10.31",
                          "resolved": "http://registry.npmjs.org/string_decoder/-/string_decoder-0.10.31.tgz",
                          "integrity": "sha1-YuIDvEF2bGwoyfyEMB2rHFMQ+pQ=",
                          "dev": true
                        }
                      }
                    }
                  }
                },
                "caseless": {
                  "version": "0.9.0",
                  "resolved": "http://registry.npmjs.org/caseless/-/caseless-0.9.0.tgz",
                  "integrity": "sha1-t7Zc5r8UE4hlOc/VM/CzDv+pz4g=",
                  "dev": true
                },
                "combined-stream": {
                  "version": "0.0.7",
                  "resolved": "http://registry.npmjs.org/combined-stream/-/combined-stream-0.0.7.tgz",
                  "integrity": "sha1-ATfmV7qlp1QcV6w3rF/AfXO03B8=",
                  "dev": true,
                  "requires": {
                    "delayed-stream": "0.0.5"
                  },
                  "dependencies": {
                    "delayed-stream": {
                      "version": "0.0.5",
                      "resolved": "http://registry.npmjs.org/delayed-stream/-/delayed-stream-0.0.5.tgz",
                      "integrity": "sha1-1LH0OpPoKW3+AmlPRoC8N6MTxz8=",
                      "dev": true
                    }
                  }
                },
                "forever-agent": {
                  "version": "0.6.1",
                  "resolved": "http://registry.npmjs.org/forever-agent/-/forever-agent-0.6.1.tgz",
                  "integrity": "sha1-+8cfDEGt6zf5bFd60e1C2P2sypE=",
                  "dev": true
                },
                "form-data": {
                  "version": "0.2.0",
                  "resolved": "http://registry.npmjs.org/form-data/-/form-data-0.2.0.tgz",
                  "integrity": "sha1-Jvi8JtpkQOKZy9z7aQNcT3em5GY=",
                  "dev": true,
                  "requires": {
                    "async": "~0.9.0",
                    "combined-stream": "~0.0.4",
                    "mime-types": "~2.0.3"
                  },
                  "dependencies": {
                    "async": {
                      "version": "0.9.0",
                      "resolved": "http://registry.npmjs.org/async/-/async-0.9.0.tgz",
                      "integrity": "sha1-rDYTsdqb7RtHUQu0ZRuJMeRxRsc=",
                      "dev": true
                    }
                  }
                },
                "har-validator": {
                  "version": "1.7.0",
                  "resolved": "http://registry.npmjs.org/har-validator/-/har-validator-1.7.0.tgz",
                  "integrity": "sha1-Vj+MWO3KZBDi5Aiw5UAWHaWA3EY=",
                  "dev": true,
                  "requires": {
                    "bluebird": "^2.9.25",
                    "chalk": "^1.0.0",
                    "commander": "^2.8.1",
                    "is-my-json-valid": "^2.10.1"
                  },
                  "dependencies": {
                    "bluebird": {
                      "version": "2.9.25",
                      "resolved": "http://registry.npmjs.org/bluebird/-/bluebird-2.9.25.tgz",
                      "integrity": "sha1-bja9BAZNlTTAcWC59/JsWnOP4Wo=",
                      "dev": true
                    },
                    "chalk": {
                      "version": "1.0.0",
                      "resolved": "http://registry.npmjs.org/chalk/-/chalk-1.0.0.tgz",
                      "integrity": "sha1-s89O0P9Tl8mcdbj2edsvUoMfltw=",
                      "dev": true,
                      "requires": {
                        "ansi-styles": "^2.0.1",
                        "escape-string-regexp": "^1.0.2",
                        "has-ansi": "^1.0.3",
                        "strip-ansi": "^2.0.1",
                        "supports-color": "^1.3.0"
                      },
                      "dependencies": {
                        "ansi-styles": {
                          "version": "2.0.1",
                          "resolved": "http://registry.npmjs.org/ansi-styles/-/ansi-styles-2.0.1.tgz",
                          "integrity": "sha1-sDP1f5Pi0oreuLwRE4+hPaD9IKM=",
                          "dev": true
                        },
                        "escape-string-regexp": {
                          "version": "1.0.3",
                          "resolved": "http://registry.npmjs.org/escape-string-regexp/-/escape-string-regexp-1.0.3.tgz",
                          "integrity": "sha1-ni2LJbwlVcMzZyN1DgPwmcJzW7U=",
                          "dev": true
                        },
                        "has-ansi": {
                          "version": "1.0.3",
                          "resolved": "http://registry.npmjs.org/has-ansi/-/has-ansi-1.0.3.tgz",
                          "integrity": "sha1-wLWxYV2eOCsP9nFp2We0JeSMpTg=",
                          "dev": true,
                          "requires": {
                            "ansi-regex": "^1.1.0",
                            "get-stdin": "^4.0.1"
                          },
                          "dependencies": {
                            "ansi-regex": {
                              "version": "1.1.1",
                              "resolved": "http://registry.npmjs.org/ansi-regex/-/ansi-regex-1.1.1.tgz",
                              "integrity": "sha1-QchHGUZGN15qGl0Qw8oFTvn8mA0=",
                              "dev": true
                            },
                            "get-stdin": {
                              "version": "4.0.1",
                              "resolved": "http://registry.npmjs.org/get-stdin/-/get-stdin-4.0.1.tgz",
                              "integrity": "sha1-uWjGsKBDhDJJAui/Gl3zJXmkUP4=",
                              "dev": true
                            }
                          }
                        },
                        "strip-ansi": {
                          "version": "2.0.1",
                          "resolved": "http://registry.npmjs.org/strip-ansi/-/strip-ansi-2.0.1.tgz",
                          "integrity": "sha1-32LBqpTtLxFOHQ8h/R1QSCt5pg4=",
                          "dev": true,
                          "requires": {
                            "ansi-regex": "^1.0.0"
                          },
                          "dependencies": {
                            "ansi-regex": {
                              "version": "1.1.1",
                              "resolved": "http://registry.npmjs.org/ansi-regex/-/ansi-regex-1.1.1.tgz",
                              "integrity": "sha1-QchHGUZGN15qGl0Qw8oFTvn8mA0=",
                              "dev": true
                            }
                          }
                        },
                        "supports-color": {
                          "version": "1.3.1",
                          "resolved": "http://registry.npmjs.org/supports-color/-/supports-color-1.3.1.tgz",
                          "integrity": "sha1-FXWN8J2P87SswwdTn6vicJXhBC0=",
                          "dev": true
                        }
                      }
                    },
                    "commander": {
                      "version": "2.8.1",
                      "resolved": "http://registry.npmjs.org/commander/-/commander-2.8.1.tgz",
                      "integrity": "sha1-Br42f+v9oMMwqh4qBy09yXYkJdQ=",
                      "dev": true,
                      "requires": {
                        "graceful-readlink": ">= 1.0.0"
                      },
                      "dependencies": {
                        "graceful-readlink": {
                          "version": "1.0.1",
                          "resolved": "http://registry.npmjs.org/graceful-readlink/-/graceful-readlink-1.0.1.tgz",
                          "integrity": "sha1-TK+tdrxi8C+gObL5Tpo906ORpyU=",
                          "dev": true
                        }
                      }
                    },
                    "is-my-json-valid": {
                      "version": "2.10.1",
                      "resolved": "http://registry.npmjs.org/is-my-json-valid/-/is-my-json-valid-2.10.1.tgz",
                      "integrity": "sha1-vyDKfnERYwL4ZgrIEmWfceIuotA=",
                      "dev": true,
                      "requires": {
                        "generate-function": "^2.0.0",
                        "generate-object-property": "^1.1.0",
                        "jsonpointer": "^1.1.0",
                        "xtend": "^4.0.0"
                      },
                      "dependencies": {
                        "generate-function": {
                          "version": "2.0.0",
                          "resolved": "http://registry.npmjs.org/generate-function/-/generate-function-2.0.0.tgz",
                          "integrity": "sha1-aFj+fAlpt9TpCTM3ZHrHn2DfvnQ=",
                          "dev": true
                        },
                        "generate-object-property": {
                          "version": "1.1.1",
                          "resolved": "http://registry.npmjs.org/generate-object-property/-/generate-object-property-1.1.1.tgz",
                          "integrity": "sha1-j9prTLabNKGJps6+58TCaK9HzJM=",
                          "dev": true,
                          "requires": {
                            "is-property": "^1.0.0"
                          },
                          "dependencies": {
                            "is-property": {
                              "version": "1.0.2",
                              "resolved": "http://registry.npmjs.org/is-property/-/is-property-1.0.2.tgz",
                              "integrity": "sha1-V/4cTkhHTt1lsJkR8msc1Ald2oQ=",
                              "dev": true
                            }
                          }
                        },
                        "jsonpointer": {
                          "version": "1.1.0",
                          "resolved": "http://registry.npmjs.org/jsonpointer/-/jsonpointer-1.1.0.tgz",
                          "integrity": "sha1-w8cu+u07lxVBY9wB3TSeHP4PgPw=",
                          "dev": true
                        },
                        "xtend": {
                          "version": "4.0.0",
                          "resolved": "http://registry.npmjs.org/xtend/-/xtend-4.0.0.tgz",
                          "integrity": "sha1-i8Nv+Hrtvnzp6vC8o2sjVKdDhA8=",
                          "dev": true
                        }
                      }
                    }
                  }
                },
                "hawk": {
                  "version": "2.3.1",
                  "resolved": "http://registry.npmjs.org/hawk/-/hawk-2.3.1.tgz",
                  "integrity": "sha1-HnMc45RH+h0PbXB/e87r7A/R7B8=",
                  "dev": true,
                  "requires": {
                    "boom": "2.x.x",
                    "cryptiles": "2.x.x",
                    "hoek": "2.x.x",
                    "sntp": "1.x.x"
                  },
                  "dependencies": {
                    "boom": {
                      "version": "2.7.1",
                      "resolved": "http://registry.npmjs.org/boom/-/boom-2.7.1.tgz",
                      "integrity": "sha1-+xZcNI0zeXfGHUNjwh6eGr9SZwU=",
                      "dev": true,
                      "requires": {
                        "hoek": "2.x.x"
                      }
                    },
                    "cryptiles": {
                      "version": "2.0.4",
                      "resolved": "http://registry.npmjs.org/cryptiles/-/cryptiles-2.0.4.tgz",
                      "integrity": "sha1-CeoXdbnhx95+YKmdQqtvCM4aEoU=",
                      "dev": true,
                      "requires": {
                        "boom": "2.x.x"
                      }
                    },
                    "hoek": {
                      "version": "2.13.0",
                      "resolved": "http://registry.npmjs.org/hoek/-/hoek-2.13.0.tgz",
                      "integrity": "sha1-zIa1wcNEtBpycb5EniMvrI1vRQw=",
                      "dev": true
                    },
                    "sntp": {
                      "version": "1.0.9",
                      "resolved": "http://registry.npmjs.org/sntp/-/sntp-1.0.9.tgz",
                      "integrity": "sha1-ZUEYTMkK7qbG57NeJlkIJEPGYZg=",
                      "dev": true,
                      "requires": {
                        "hoek": "2.x.x"
                      }
                    }
                  }
                },
                "http-signature": {
                  "version": "0.10.1",
                  "resolved": "http://registry.npmjs.org/http-signature/-/http-signature-0.10.1.tgz",
                  "integrity": "sha1-T72sEyVZqoMjEh5UB3nAoBKyfmY=",
                  "dev": true,
                  "requires": {
                    "asn1": "0.1.11",
                    "assert-plus": "^0.1.5",
                    "ctype": "0.5.3"
                  },
                  "dependencies": {
                    "asn1": {
                      "version": "0.1.11",
                      "resolved": "http://registry.npmjs.org/asn1/-/asn1-0.1.11.tgz",
                      "integrity": "sha1-VZvhg3bQik7E2+gId9J4GGObLfc=",
                      "dev": true
                    },
                    "assert-plus": {
                      "version": "0.1.5",
                      "resolved": "http://registry.npmjs.org/assert-plus/-/assert-plus-0.1.5.tgz",
                      "integrity": "sha1-7nQAlBMALYTOxyGcasgRgS5yMWA=",
                      "dev": true
                    },
                    "ctype": {
                      "version": "0.5.3",
                      "resolved": "http://registry.npmjs.org/ctype/-/ctype-0.5.3.tgz",
                      "integrity": "sha1-gsGMJGH3QRTvFsE1IkrQuRRMoS8=",
                      "dev": true
                    }
                  }
                },
                "isstream": {
                  "version": "0.1.2",
                  "resolved": "http://registry.npmjs.org/isstream/-/isstream-0.1.2.tgz",
                  "integrity": "sha1-R+Y/evVa+m+S4VAOaQ64uFKcCZo=",
                  "dev": true
                },
                "json-stringify-safe": {
                  "version": "5.0.0",
                  "resolved": "http://registry.npmjs.org/json-stringify-safe/-/json-stringify-safe-5.0.0.tgz",
                  "integrity": "sha1-TB8ii1BQg366nSH1DC5uMgYkVm4=",
                  "dev": true
                },
                "mime-types": {
                  "version": "2.0.11",
                  "resolved": "http://registry.npmjs.org/mime-types/-/mime-types-2.0.11.tgz",
                  "integrity": "sha1-vzRJBCeZ2HfIFcKZKdHnR2DnIAc=",
                  "dev": true,
                  "requires": {
                    "mime-db": "~1.9.1"
                  },
                  "dependencies": {
                    "mime-db": {
                      "version": "1.9.1",
                      "resolved": "http://registry.npmjs.org/mime-db/-/mime-db-1.9.1.tgz",
                      "integrity": "sha1-FDEEmnF5FILCnze6/I6iyzpt0+g=",
                      "dev": true
                    }
                  }
                },
                "node-uuid": {
                  "version": "1.4.3",
                  "resolved": "http://registry.npmjs.org/node-uuid/-/node-uuid-1.4.3.tgz",
                  "integrity": "sha1-MZu3pW58tj8AtcDNeFHNS03fHfk=",
                  "dev": true
                },
                "oauth-sign": {
                  "version": "0.6.0",
                  "resolved": "http://registry.npmjs.org/oauth-sign/-/oauth-sign-0.6.0.tgz",
                  "integrity": "sha1-fb6uRPbKRU4fFoRR1jB0ZzWBPOM=",
                  "dev": true
                },
                "qs": {
                  "version": "2.4.2",
                  "resolved": "http://registry.npmjs.org/qs/-/qs-2.4.2.tgz",
                  "integrity": "sha1-9854jld33wtQENp/fE5zujJHD1o=",
                  "dev": true
                },
                "stringstream": {
                  "version": "0.0.4",
                  "resolved": "http://registry.npmjs.org/stringstream/-/stringstream-0.0.4.tgz",
                  "integrity": "sha1-Dw40I/lClgtWkqwySlfdCTvEGpI=",
                  "dev": true
                },
                "tough-cookie": {
                  "version": "1.1.0",
                  "resolved": "http://registry.npmjs.org/tough-cookie/-/tough-cookie-1.1.0.tgz",
                  "integrity": "sha1-Em0kkOZq5ShraGPevUo0EHaRWVQ=",
                  "dev": true
                },
                "tunnel-agent": {
                  "version": "0.4.0",
                  "resolved": "http://registry.npmjs.org/tunnel-agent/-/tunnel-agent-0.4.0.tgz",
                  "integrity": "sha1-sRhOMS/7z3CztMeOjCGd5+uxxVA=",
                  "dev": true
                }
              }
            },
            "text-metadata-parser": {
              "version": "3.0.2",
              "integrity": "sha1-K8MPkohyDVM7qwcy31WF+cnR9/s=",
              "dev": true,
              "requires": {
                "js-yaml": "^3.3.0",
                "weak-type-wizard": "^1.0.0"
              },
              "dependencies": {
                "js-yaml": {
                  "version": "3.3.0",
                  "resolved": "http://registry.npmjs.org/js-yaml/-/js-yaml-3.3.0.tgz",
                  "integrity": "sha1-y2Qi05Fo295Bn+y3/Qb74nrVYhA=",
                  "dev": true,
                  "requires": {
                    "argparse": "~1.0.2",
                    "esprima": "~2.2.0"
                  },
                  "dependencies": {
                    "argparse": {
                      "version": "1.0.2",
                      "resolved": "http://registry.npmjs.org/argparse/-/argparse-1.0.2.tgz",
                      "integrity": "sha1-vPrjkFllbRlz0LnmoadBVLWpoTY=",
                      "dev": true,
                      "requires": {
                        "lodash": ">= 3.2.0 < 4.0.0",
                        "sprintf-js": "~1.0.2"
                      },
                      "dependencies": {
                        "lodash": {
                          "version": "3.8.0",
                          "resolved": "http://registry.npmjs.org/lodash/-/lodash-3.8.0.tgz",
                          "integrity": "sha1-N265i9zZOCqTZcM8TLglDeEyW5E=",
                          "dev": true
                        },
                        "sprintf-js": {
                          "version": "1.0.2",
                          "resolved": "http://registry.npmjs.org/sprintf-js/-/sprintf-js-1.0.2.tgz",
                          "integrity": "sha1-EeTYT/MhRONbC/Omb4WH842PmXg=",
                          "dev": true
                        }
                      }
                    },
                    "esprima": {
                      "version": "2.2.0",
                      "resolved": "http://registry.npmjs.org/esprima/-/esprima-2.2.0.tgz",
                      "integrity": "sha1-QpLB1o5Bc9gV+iKQ3Hr8ltgfzYM=",
                      "dev": true
                    }
                  }
                }
              }
            }
          }
        },
        "weak-type-wizard": {
          "version": "1.1.0",
          "resolved": "http://registry.npmjs.org/weak-type-wizard/-/weak-type-wizard-1.1.0.tgz",
          "integrity": "sha1-dHITk1hFj80Pn211Kp4HPOg9DYE=",
          "dev": true,
          "requires": {
            "extend": "~1.2.1"
          }
        }
      }
    },
    "noddity-fs-retrieval": {
      "version": "1.1.0",
      "resolved": "https://registry.npmjs.org/noddity-fs-retrieval/-/noddity-fs-retrieval-1.1.0.tgz",
      "integrity": "sha1-1N+aLeIx0/YlFDSuGulTnaIzKm4=",
      "dev": true,
      "requires": {
        "text-metadata-parser": "^3.0.0"
      }
    },
    "pify": {
      "version": "4.0.1",
      "resolved": "https://registry.npmjs.org/pify/-/pify-4.0.1.tgz",
      "integrity": "sha512-uB80kBFb/tfd68bVleG9T5GGsGPjJrLAUpR5PZIrhBnIaRTQRjqdJSsIKkOP6OAIFbj7GOrcudc5pNjZ+geV2g=="
    },
    "sprintf-js": {
      "version": "1.0.3",
      "resolved": "https://registry.npmjs.org/sprintf-js/-/sprintf-js-1.0.3.tgz",
      "integrity": "sha1-BOaSb2YolTVPPdAVIDYzuFcpfiw=",
      "dev": true
    },
    "text-metadata-parser": {
      "version": "3.0.4",
      "resolved": "https://registry.npmjs.org/text-metadata-parser/-/text-metadata-parser-3.0.4.tgz",
      "integrity": "sha1-CEXCQCu5Y+jYlqxTL+auJNhrkKU=",
      "dev": true,
      "requires": {
        "js-yaml": "^3.5.2",
        "weak-type-wizard": "^1.0.0"
      }
    },
    "weak-type-wizard": {
      "version": "1.4.0",
      "resolved": "https://registry.npmjs.org/weak-type-wizard/-/weak-type-wizard-1.4.0.tgz",
      "integrity": "sha1-a77iYNncmn8dFx2uwhillpCTcQ0=",
      "dev": true,
      "requires": {
        "xtend": "^4.0.0"
      }
    },
    "xtend": {
      "version": "4.0.1",
      "resolved": "https://registry.npmjs.org/xtend/-/xtend-4.0.1.tgz",
      "integrity": "sha1-pcbVMr5lbiPbgg77lDofBJmNY68=",
      "dev": true
    }
  }
}
